// !$*UTF8*$!
{
	archiveVersion = 1;
	classes = {
	};
	objectVersion = 50;
	objects = {

/* Begin PBXBuildFile section */
		2128955B38560CEF9EB30781 /* Pods_SurfAdvisor.framework in Frameworks */ = {isa = PBXBuildFile; fileRef = 90390C70BF4C047FDEB03E1D /* Pods_SurfAdvisor.framework */; };
		CB2D3A982199251100BC71C2 /* AppDelegate.swift in Sources */ = {isa = PBXBuildFile; fileRef = CB2D3A972199251100BC71C2 /* AppDelegate.swift */; };
		CB2D3A9F2199251200BC71C2 /* Assets.xcassets in Resources */ = {isa = PBXBuildFile; fileRef = CB2D3A9E2199251200BC71C2 /* Assets.xcassets */; };
		CB2D3AA22199251200BC71C2 /* LaunchScreen.storyboard in Resources */ = {isa = PBXBuildFile; fileRef = CB2D3AA02199251200BC71C2 /* LaunchScreen.storyboard */; };
		CB2F0D2621A310F700D36E38 /* UIViewController+extesion.swift in Sources */ = {isa = PBXBuildFile; fileRef = CB2F0D2521A310F700D36E38 /* UIViewController+extesion.swift */; };
		CB6005DC23BA22BE00D59FE6 /* UITableViewCell+Extension.swift in Sources */ = {isa = PBXBuildFile; fileRef = CB6005DB23BA22BE00D59FE6 /* UITableViewCell+Extension.swift */; };
		CB6005DE23BA22F100D59FE6 /* Location.swift in Sources */ = {isa = PBXBuildFile; fileRef = CB6005DD23BA22F100D59FE6 /* Location.swift */; };
		CB774FB02199262400EC1357 /* InfoDetailVC.swift in Sources */ = {isa = PBXBuildFile; fileRef = CB774FAA2199262400EC1357 /* InfoDetailVC.swift */; };
		CB774FB12199262400EC1357 /* DetailVC.swift in Sources */ = {isa = PBXBuildFile; fileRef = CB774FAB2199262400EC1357 /* DetailVC.swift */; };
		CB774FB22199262400EC1357 /* SearchResultVC.swift in Sources */ = {isa = PBXBuildFile; fileRef = CB774FAC2199262400EC1357 /* SearchResultVC.swift */; };
		CB774FB32199262400EC1357 /* DateVC.swift in Sources */ = {isa = PBXBuildFile; fileRef = CB774FAD2199262400EC1357 /* DateVC.swift */; };
		CB774FB42199262400EC1357 /* LocationVC.swift in Sources */ = {isa = PBXBuildFile; fileRef = CB774FAE2199262400EC1357 /* LocationVC.swift */; };
		CB774FB52199262400EC1357 /* MainVC.swift in Sources */ = {isa = PBXBuildFile; fileRef = CB774FAF2199262400EC1357 /* MainVC.swift */; };
		CB774FBA2199270700EC1357 /* CityListData.swift in Sources */ = {isa = PBXBuildFile; fileRef = CB774FB62199270700EC1357 /* CityListData.swift */; };
		CB774FBB2199270700EC1357 /* AreaDetailData.swift in Sources */ = {isa = PBXBuildFile; fileRef = CB774FB72199270700EC1357 /* AreaDetailData.swift */; };
		CB774FBC2199270700EC1357 /* AreaInfoData.swift in Sources */ = {isa = PBXBuildFile; fileRef = CB774FB82199270700EC1357 /* AreaInfoData.swift */; };
		CB774FBD2199270700EC1357 /* SearchResultData.swift in Sources */ = {isa = PBXBuildFile; fileRef = CB774FB92199270700EC1357 /* SearchResultData.swift */; };
		CB774FC62199271000EC1357 /* NetworkResult.swift in Sources */ = {isa = PBXBuildFile; fileRef = CB774FBE2199271000EC1357 /* NetworkResult.swift */; };
		CB774FC72199271000EC1357 /* APIService.swift in Sources */ = {isa = PBXBuildFile; fileRef = CB774FBF2199271000EC1357 /* APIService.swift */; };
		CB774FC82199271000EC1357 /* AreaDetailService.swift in Sources */ = {isa = PBXBuildFile; fileRef = CB774FC02199271000EC1357 /* AreaDetailService.swift */; };
		CB774FC92199271000EC1357 /* CityListService.swift in Sources */ = {isa = PBXBuildFile; fileRef = CB774FC12199271000EC1357 /* CityListService.swift */; };
		CB774FCA2199271000EC1357 /* HTTPStatusCode.swift in Sources */ = {isa = PBXBuildFile; fileRef = CB774FC22199271000EC1357 /* HTTPStatusCode.swift */; };
		CB774FCB2199271000EC1357 /* AreaInfoService.swift in Sources */ = {isa = PBXBuildFile; fileRef = CB774FC32199271000EC1357 /* AreaInfoService.swift */; };
		CB774FCC2199271000EC1357 /* RequestService.swift in Sources */ = {isa = PBXBuildFile; fileRef = CB774FC42199271000EC1357 /* RequestService.swift */; };
		CB774FCD2199271000EC1357 /* SearchResultService.swift in Sources */ = {isa = PBXBuildFile; fileRef = CB774FC52199271000EC1357 /* SearchResultService.swift */; };
		CB774FCF2199271A00EC1357 /* Main.storyboard in Resources */ = {isa = PBXBuildFile; fileRef = CB774FCE2199271A00EC1357 /* Main.storyboard */; };
		CB774FD52199272500EC1357 /* ForcastCell.swift in Sources */ = {isa = PBXBuildFile; fileRef = CB774FD02199272500EC1357 /* ForcastCell.swift */; };
		CB774FD62199272500EC1357 /* SearchResultCell.swift in Sources */ = {isa = PBXBuildFile; fileRef = CB774FD12199272500EC1357 /* SearchResultCell.swift */; };
		CB774FD72199272500EC1357 /* CityListCell.swift in Sources */ = {isa = PBXBuildFile; fileRef = CB774FD22199272500EC1357 /* CityListCell.swift */; };
		CB774FD82199272500EC1357 /* SurfShopCell.swift in Sources */ = {isa = PBXBuildFile; fileRef = CB774FD32199272500EC1357 /* SurfShopCell.swift */; };
		CB774FD92199272500EC1357 /* InfoDetailCell.swift in Sources */ = {isa = PBXBuildFile; fileRef = CB774FD42199272500EC1357 /* InfoDetailCell.swift */; };
		CB774FDC219981E800EC1357 /* UIImageView+imageFromUrl.swift in Sources */ = {isa = PBXBuildFile; fileRef = CB774FDB219981E800EC1357 /* UIImageView+imageFromUrl.swift */; };
		CB774FDE2199C1C100EC1357 /* RestaurantCell.swift in Sources */ = {isa = PBXBuildFile; fileRef = CB774FDD2199C1C100EC1357 /* RestaurantCell.swift */; };
		CB774FE02199C1CB00EC1357 /* HotelCell.swift in Sources */ = {isa = PBXBuildFile; fileRef = CB774FDF2199C1CB00EC1357 /* HotelCell.swift */; };
		CB946ED7219C58F40086D720 /* UIView+Design.swift in Sources */ = {isa = PBXBuildFile; fileRef = CB946ED6219C58F40086D720 /* UIView+Design.swift */; };
		CB946EDA219D27A50086D720 /* NanumGothic.otf in Resources */ = {isa = PBXBuildFile; fileRef = CB946ED9219D27A10086D720 /* NanumGothic.otf */; };
		CB946EDC219D32E40086D720 /* NanumGothicExtraBold.otf in Resources */ = {isa = PBXBuildFile; fileRef = CB946EDB219D32E00086D720 /* NanumGothicExtraBold.otf */; };
/* End PBXBuildFile section */

/* Begin PBXFileReference section */
		79C64309418E163E52947B46 /* Pods-SurfAdvisor.release.xcconfig */ = {isa = PBXFileReference; includeInIndex = 1; lastKnownFileType = text.xcconfig; name = "Pods-SurfAdvisor.release.xcconfig"; path = "Pods/Target Support Files/Pods-SurfAdvisor/Pods-SurfAdvisor.release.xcconfig"; sourceTree = "<group>"; };
		90390C70BF4C047FDEB03E1D /* Pods_SurfAdvisor.framework */ = {isa = PBXFileReference; explicitFileType = wrapper.framework; includeInIndex = 0; path = Pods_SurfAdvisor.framework; sourceTree = BUILT_PRODUCTS_DIR; };
		CB2D3A942199251100BC71C2 /* 서핑 어드바이저.app */ = {isa = PBXFileReference; explicitFileType = wrapper.application; includeInIndex = 0; path = "서핑 어드바이저.app"; sourceTree = BUILT_PRODUCTS_DIR; };
		CB2D3A972199251100BC71C2 /* AppDelegate.swift */ = {isa = PBXFileReference; lastKnownFileType = sourcecode.swift; path = AppDelegate.swift; sourceTree = "<group>"; };
		CB2D3A9E2199251200BC71C2 /* Assets.xcassets */ = {isa = PBXFileReference; lastKnownFileType = folder.assetcatalog; path = Assets.xcassets; sourceTree = "<group>"; };
		CB2D3AA12199251200BC71C2 /* Base */ = {isa = PBXFileReference; lastKnownFileType = file.storyboard; name = Base; path = Base.lproj/LaunchScreen.storyboard; sourceTree = "<group>"; };
		CB2D3AA32199251200BC71C2 /* Info.plist */ = {isa = PBXFileReference; lastKnownFileType = text.plist.xml; path = Info.plist; sourceTree = "<group>"; };
		CB2F0D2521A310F700D36E38 /* UIViewController+extesion.swift */ = {isa = PBXFileReference; fileEncoding = 4; lastKnownFileType = sourcecode.swift; path = "UIViewController+extesion.swift"; sourceTree = "<group>"; };
		CB6005DB23BA22BE00D59FE6 /* UITableViewCell+Extension.swift */ = {isa = PBXFileReference; lastKnownFileType = sourcecode.swift; path = "UITableViewCell+Extension.swift"; sourceTree = "<group>"; };
		CB6005DD23BA22F100D59FE6 /* Location.swift */ = {isa = PBXFileReference; lastKnownFileType = sourcecode.swift; path = Location.swift; sourceTree = "<group>"; };
		CB774FAA2199262400EC1357 /* InfoDetailVC.swift */ = {isa = PBXFileReference; fileEncoding = 4; lastKnownFileType = sourcecode.swift; path = InfoDetailVC.swift; sourceTree = "<group>"; };
		CB774FAB2199262400EC1357 /* DetailVC.swift */ = {isa = PBXFileReference; fileEncoding = 4; lastKnownFileType = sourcecode.swift; path = DetailVC.swift; sourceTree = "<group>"; };
		CB774FAC2199262400EC1357 /* SearchResultVC.swift */ = {isa = PBXFileReference; fileEncoding = 4; lastKnownFileType = sourcecode.swift; path = SearchResultVC.swift; sourceTree = "<group>"; };
		CB774FAD2199262400EC1357 /* DateVC.swift */ = {isa = PBXFileReference; fileEncoding = 4; lastKnownFileType = sourcecode.swift; path = DateVC.swift; sourceTree = "<group>"; };
		CB774FAE2199262400EC1357 /* LocationVC.swift */ = {isa = PBXFileReference; fileEncoding = 4; lastKnownFileType = sourcecode.swift; path = LocationVC.swift; sourceTree = "<group>"; };
		CB774FAF2199262400EC1357 /* MainVC.swift */ = {isa = PBXFileReference; fileEncoding = 4; lastKnownFileType = sourcecode.swift; path = MainVC.swift; sourceTree = "<group>"; };
		CB774FB62199270700EC1357 /* CityListData.swift */ = {isa = PBXFileReference; fileEncoding = 4; lastKnownFileType = sourcecode.swift; path = CityListData.swift; sourceTree = "<group>"; };
		CB774FB72199270700EC1357 /* AreaDetailData.swift */ = {isa = PBXFileReference; fileEncoding = 4; lastKnownFileType = sourcecode.swift; path = AreaDetailData.swift; sourceTree = "<group>"; };
		CB774FB82199270700EC1357 /* AreaInfoData.swift */ = {isa = PBXFileReference; fileEncoding = 4; lastKnownFileType = sourcecode.swift; path = AreaInfoData.swift; sourceTree = "<group>"; };
		CB774FB92199270700EC1357 /* SearchResultData.swift */ = {isa = PBXFileReference; fileEncoding = 4; lastKnownFileType = sourcecode.swift; path = SearchResultData.swift; sourceTree = "<group>"; };
		CB774FBE2199271000EC1357 /* NetworkResult.swift */ = {isa = PBXFileReference; fileEncoding = 4; lastKnownFileType = sourcecode.swift; path = NetworkResult.swift; sourceTree = "<group>"; };
		CB774FBF2199271000EC1357 /* APIService.swift */ = {isa = PBXFileReference; fileEncoding = 4; lastKnownFileType = sourcecode.swift; path = APIService.swift; sourceTree = "<group>"; };
		CB774FC02199271000EC1357 /* AreaDetailService.swift */ = {isa = PBXFileReference; fileEncoding = 4; lastKnownFileType = sourcecode.swift; path = AreaDetailService.swift; sourceTree = "<group>"; };
		CB774FC12199271000EC1357 /* CityListService.swift */ = {isa = PBXFileReference; fileEncoding = 4; lastKnownFileType = sourcecode.swift; path = CityListService.swift; sourceTree = "<group>"; };
		CB774FC22199271000EC1357 /* HTTPStatusCode.swift */ = {isa = PBXFileReference; fileEncoding = 4; lastKnownFileType = sourcecode.swift; path = HTTPStatusCode.swift; sourceTree = "<group>"; };
		CB774FC32199271000EC1357 /* AreaInfoService.swift */ = {isa = PBXFileReference; fileEncoding = 4; lastKnownFileType = sourcecode.swift; path = AreaInfoService.swift; sourceTree = "<group>"; };
		CB774FC42199271000EC1357 /* RequestService.swift */ = {isa = PBXFileReference; fileEncoding = 4; lastKnownFileType = sourcecode.swift; path = RequestService.swift; sourceTree = "<group>"; };
		CB774FC52199271000EC1357 /* SearchResultService.swift */ = {isa = PBXFileReference; fileEncoding = 4; lastKnownFileType = sourcecode.swift; path = SearchResultService.swift; sourceTree = "<group>"; };
		CB774FCE2199271A00EC1357 /* Main.storyboard */ = {isa = PBXFileReference; fileEncoding = 4; lastKnownFileType = file.storyboard; path = Main.storyboard; sourceTree = "<group>"; };
		CB774FD02199272500EC1357 /* ForcastCell.swift */ = {isa = PBXFileReference; fileEncoding = 4; lastKnownFileType = sourcecode.swift; path = ForcastCell.swift; sourceTree = "<group>"; };
		CB774FD12199272500EC1357 /* SearchResultCell.swift */ = {isa = PBXFileReference; fileEncoding = 4; lastKnownFileType = sourcecode.swift; path = SearchResultCell.swift; sourceTree = "<group>"; };
		CB774FD22199272500EC1357 /* CityListCell.swift */ = {isa = PBXFileReference; fileEncoding = 4; lastKnownFileType = sourcecode.swift; path = CityListCell.swift; sourceTree = "<group>"; };
		CB774FD32199272500EC1357 /* SurfShopCell.swift */ = {isa = PBXFileReference; fileEncoding = 4; lastKnownFileType = sourcecode.swift; path = SurfShopCell.swift; sourceTree = "<group>"; };
		CB774FD42199272500EC1357 /* InfoDetailCell.swift */ = {isa = PBXFileReference; fileEncoding = 4; lastKnownFileType = sourcecode.swift; path = InfoDetailCell.swift; sourceTree = "<group>"; };
		CB774FDB219981E800EC1357 /* UIImageView+imageFromUrl.swift */ = {isa = PBXFileReference; lastKnownFileType = sourcecode.swift; path = "UIImageView+imageFromUrl.swift"; sourceTree = "<group>"; };
		CB774FDD2199C1C100EC1357 /* RestaurantCell.swift */ = {isa = PBXFileReference; lastKnownFileType = sourcecode.swift; path = RestaurantCell.swift; sourceTree = "<group>"; };
		CB774FDF2199C1CB00EC1357 /* HotelCell.swift */ = {isa = PBXFileReference; lastKnownFileType = sourcecode.swift; path = HotelCell.swift; sourceTree = "<group>"; };
		CB946ED6219C58F40086D720 /* UIView+Design.swift */ = {isa = PBXFileReference; lastKnownFileType = sourcecode.swift; path = "UIView+Design.swift"; sourceTree = "<group>"; };
		CB946ED9219D27A10086D720 /* NanumGothic.otf */ = {isa = PBXFileReference; lastKnownFileType = file; path = NanumGothic.otf; sourceTree = "<group>"; };
		CB946EDB219D32E00086D720 /* NanumGothicExtraBold.otf */ = {isa = PBXFileReference; lastKnownFileType = file; path = NanumGothicExtraBold.otf; sourceTree = "<group>"; };
		D6F17520BF8062CDE168640B /* Pods-SurfAdvisor.debug.xcconfig */ = {isa = PBXFileReference; includeInIndex = 1; lastKnownFileType = text.xcconfig; name = "Pods-SurfAdvisor.debug.xcconfig"; path = "Pods/Target Support Files/Pods-SurfAdvisor/Pods-SurfAdvisor.debug.xcconfig"; sourceTree = "<group>"; };
/* End PBXFileReference section */

/* Begin PBXFrameworksBuildPhase section */
		CB2D3A912199251100BC71C2 /* Frameworks */ = {
			isa = PBXFrameworksBuildPhase;
			buildActionMask = 2147483647;
			files = (
				2128955B38560CEF9EB30781 /* Pods_SurfAdvisor.framework in Frameworks */,
			);
			runOnlyForDeploymentPostprocessing = 0;
		};
/* End PBXFrameworksBuildPhase section */

/* Begin PBXGroup section */
		C6EB4456409C5ADF0F537F44 /* Pods */ = {
			isa = PBXGroup;
			children = (
				D6F17520BF8062CDE168640B /* Pods-SurfAdvisor.debug.xcconfig */,
				79C64309418E163E52947B46 /* Pods-SurfAdvisor.release.xcconfig */,
			);
			name = Pods;
			sourceTree = "<group>";
		};
		CB2D3A8B2199251100BC71C2 = {
			isa = PBXGroup;
			children = (
				CB2D3A962199251100BC71C2 /* SurfAdvisor */,
				CB2D3A952199251100BC71C2 /* Products */,
				C6EB4456409C5ADF0F537F44 /* Pods */,
				FF6FDF6C76EA9CA7CC937E4F /* Frameworks */,
			);
			sourceTree = "<group>";
		};
		CB2D3A952199251100BC71C2 /* Products */ = {
			isa = PBXGroup;
			children = (
				CB2D3A942199251100BC71C2 /* 서핑 어드바이저.app */,
			);
			name = Products;
			sourceTree = "<group>";
		};
		CB2D3A962199251100BC71C2 /* SurfAdvisor */ = {
			isa = PBXGroup;
			children = (
				CB774FDA219981CB00EC1357 /* Utils */,
				CB774F81219925C600EC1357 /* Models */,
				CB774F80219925B800EC1357 /* Services */,
				CB774F84219925E000EC1357 /* ViewControllers */,
				CB774F83219925D700EC1357 /* Views */,
				CB774F82219925CF00EC1357 /* Storyboard */,
				CB946ED8219D278D0086D720 /* Fonts */,
				CB2D3A972199251100BC71C2 /* AppDelegate.swift */,
				CB2D3A9E2199251200BC71C2 /* Assets.xcassets */,
				CB2D3AA02199251200BC71C2 /* LaunchScreen.storyboard */,
				CB2D3AA32199251200BC71C2 /* Info.plist */,
			);
			path = SurfAdvisor;
			sourceTree = "<group>";
		};
		CB774F80219925B800EC1357 /* Services */ = {
			isa = PBXGroup;
			children = (
				CB774FC22199271000EC1357 /* HTTPStatusCode.swift */,
				CB774FBE2199271000EC1357 /* NetworkResult.swift */,
				CB774FBF2199271000EC1357 /* APIService.swift */,
				CB774FC42199271000EC1357 /* RequestService.swift */,
				CB774FC12199271000EC1357 /* CityListService.swift */,
				CB774FC52199271000EC1357 /* SearchResultService.swift */,
				CB774FC32199271000EC1357 /* AreaInfoService.swift */,
				CB774FC02199271000EC1357 /* AreaDetailService.swift */,
			);
			path = Services;
			sourceTree = "<group>";
		};
		CB774F81219925C600EC1357 /* Models */ = {
			isa = PBXGroup;
			children = (
				CB774FB72199270700EC1357 /* AreaDetailData.swift */,
				CB774FB82199270700EC1357 /* AreaInfoData.swift */,
				CB774FB62199270700EC1357 /* CityListData.swift */,
				CB774FB92199270700EC1357 /* SearchResultData.swift */,
			);
			path = Models;
			sourceTree = "<group>";
		};
		CB774F82219925CF00EC1357 /* Storyboard */ = {
			isa = PBXGroup;
			children = (
				CB774FCE2199271A00EC1357 /* Main.storyboard */,
			);
			path = Storyboard;
			sourceTree = "<group>";
		};
		CB774F83219925D700EC1357 /* Views */ = {
			isa = PBXGroup;
			children = (
				CB774FD22199272500EC1357 /* CityListCell.swift */,
				CB774FD02199272500EC1357 /* ForcastCell.swift */,
				CB774FD42199272500EC1357 /* InfoDetailCell.swift */,
				CB774FD12199272500EC1357 /* SearchResultCell.swift */,
				CB774FD32199272500EC1357 /* SurfShopCell.swift */,
				CB774FDD2199C1C100EC1357 /* RestaurantCell.swift */,
				CB774FDF2199C1CB00EC1357 /* HotelCell.swift */,
			);
			path = Views;
			sourceTree = "<group>";
		};
		CB774F84219925E000EC1357 /* ViewControllers */ = {
			isa = PBXGroup;
			children = (
				CB774FAD2199262400EC1357 /* DateVC.swift */,
				CB774FAB2199262400EC1357 /* DetailVC.swift */,
				CB774FAA2199262400EC1357 /* InfoDetailVC.swift */,
				CB774FAE2199262400EC1357 /* LocationVC.swift */,
				CB774FAF2199262400EC1357 /* MainVC.swift */,
				CB774FAC2199262400EC1357 /* SearchResultVC.swift */,
			);
			path = ViewControllers;
			sourceTree = "<group>";
		};
		CB774FDA219981CB00EC1357 /* Utils */ = {
			isa = PBXGroup;
			children = (
				CB2F0D2521A310F700D36E38 /* UIViewController+extesion.swift */,
				CB774FDB219981E800EC1357 /* UIImageView+imageFromUrl.swift */,
				CB946ED6219C58F40086D720 /* UIView+Design.swift */,
				CB6005DB23BA22BE00D59FE6 /* UITableViewCell+Extension.swift */,
				CB6005DD23BA22F100D59FE6 /* Location.swift */,
			);
			path = Utils;
			sourceTree = "<group>";
		};
		CB946ED8219D278D0086D720 /* Fonts */ = {
			isa = PBXGroup;
			children = (
				CB946EDB219D32E00086D720 /* NanumGothicExtraBold.otf */,
				CB946ED9219D27A10086D720 /* NanumGothic.otf */,
			);
			path = Fonts;
			sourceTree = "<group>";
		};
		FF6FDF6C76EA9CA7CC937E4F /* Frameworks */ = {
			isa = PBXGroup;
			children = (
				90390C70BF4C047FDEB03E1D /* Pods_SurfAdvisor.framework */,
			);
			name = Frameworks;
			sourceTree = "<group>";
		};
/* End PBXGroup section */

/* Begin PBXNativeTarget section */
		CB2D3A932199251100BC71C2 /* SurfAdvisor */ = {
			isa = PBXNativeTarget;
			buildConfigurationList = CB2D3AA62199251200BC71C2 /* Build configuration list for PBXNativeTarget "SurfAdvisor" */;
			buildPhases = (
				29D9B9983AAA29AA6B625E1A /* [CP] Check Pods Manifest.lock */,
				CB2D3A902199251100BC71C2 /* Sources */,
				CB2D3A912199251100BC71C2 /* Frameworks */,
				CB2D3A922199251100BC71C2 /* Resources */,
				DF97EFAF121AB6797C585CA5 /* [CP] Embed Pods Frameworks */,
			);
			buildRules = (
			);
			dependencies = (
			);
			name = SurfAdvisor;
			productName = SurfAdvisor;
			productReference = CB2D3A942199251100BC71C2 /* 서핑 어드바이저.app */;
			productType = "com.apple.product-type.application";
		};
/* End PBXNativeTarget section */

/* Begin PBXProject section */
		CB2D3A8C2199251100BC71C2 /* Project object */ = {
			isa = PBXProject;
			attributes = {
				LastSwiftUpdateCheck = 1010;
				LastUpgradeCheck = 1010;
				ORGANIZATIONNAME = "박세은";
				TargetAttributes = {
					CB2D3A932199251100BC71C2 = {
						CreatedOnToolsVersion = 10.1;
					};
				};
			};
			buildConfigurationList = CB2D3A8F2199251100BC71C2 /* Build configuration list for PBXProject "SurfAdvisor" */;
			compatibilityVersion = "Xcode 9.3";
			developmentRegion = en;
			hasScannedForEncodings = 0;
			knownRegions = (
				en,
				Base,
			);
			mainGroup = CB2D3A8B2199251100BC71C2;
			productRefGroup = CB2D3A952199251100BC71C2 /* Products */;
			projectDirPath = "";
			projectRoot = "";
			targets = (
				CB2D3A932199251100BC71C2 /* SurfAdvisor */,
			);
		};
/* End PBXProject section */

/* Begin PBXResourcesBuildPhase section */
		CB2D3A922199251100BC71C2 /* Resources */ = {
			isa = PBXResourcesBuildPhase;
			buildActionMask = 2147483647;
			files = (
				CB2D3AA22199251200BC71C2 /* LaunchScreen.storyboard in Resources */,
				CB2D3A9F2199251200BC71C2 /* Assets.xcassets in Resources */,
				CB774FCF2199271A00EC1357 /* Main.storyboard in Resources */,
				CB946EDC219D32E40086D720 /* NanumGothicExtraBold.otf in Resources */,
				CB946EDA219D27A50086D720 /* NanumGothic.otf in Resources */,
			);
			runOnlyForDeploymentPostprocessing = 0;
		};
/* End PBXResourcesBuildPhase section */

/* Begin PBXShellScriptBuildPhase section */
		29D9B9983AAA29AA6B625E1A /* [CP] Check Pods Manifest.lock */ = {
			isa = PBXShellScriptBuildPhase;
			buildActionMask = 2147483647;
			files = (
			);
			inputFileListPaths = (
			);
			inputPaths = (
				"${PODS_PODFILE_DIR_PATH}/Podfile.lock",
				"${PODS_ROOT}/Manifest.lock",
			);
			name = "[CP] Check Pods Manifest.lock";
			outputFileListPaths = (
			);
			outputPaths = (
				"$(DERIVED_FILE_DIR)/Pods-SurfAdvisor-checkManifestLockResult.txt",
			);
			runOnlyForDeploymentPostprocessing = 0;
			shellPath = /bin/sh;
			shellScript = "diff \"${PODS_PODFILE_DIR_PATH}/Podfile.lock\" \"${PODS_ROOT}/Manifest.lock\" > /dev/null\nif [ $? != 0 ] ; then\n    # print error to STDERR\n    echo \"error: The sandbox is not in sync with the Podfile.lock. Run 'pod install' or update your CocoaPods installation.\" >&2\n    exit 1\nfi\n# This output is used by Xcode 'outputs' to avoid re-running this script phase.\necho \"SUCCESS\" > \"${SCRIPT_OUTPUT_FILE_0}\"\n";
			showEnvVarsInLog = 0;
		};
		DF97EFAF121AB6797C585CA5 /* [CP] Embed Pods Frameworks */ = {
			isa = PBXShellScriptBuildPhase;
			buildActionMask = 2147483647;
			files = (
			);
			inputFileListPaths = (
			);
			inputPaths = (
				"${SRCROOT}/Pods/Target Support Files/Pods-SurfAdvisor/Pods-SurfAdvisor-frameworks.sh",
				"${BUILT_PRODUCTS_DIR}/Alamofire/Alamofire.framework",
				"${BUILT_PRODUCTS_DIR}/Kingfisher/Kingfisher.framework",
				"${BUILT_PRODUCTS_DIR}/SwiftGifOrigin/SwiftGifOrigin.framework",
				"${BUILT_PRODUCTS_DIR}/SwiftyJSON/SwiftyJSON.framework",
			);
			name = "[CP] Embed Pods Frameworks";
			outputFileListPaths = (
			);
			outputPaths = (
				"${TARGET_BUILD_DIR}/${FRAMEWORKS_FOLDER_PATH}/Alamofire.framework",
				"${TARGET_BUILD_DIR}/${FRAMEWORKS_FOLDER_PATH}/Kingfisher.framework",
				"${TARGET_BUILD_DIR}/${FRAMEWORKS_FOLDER_PATH}/SwiftGifOrigin.framework",
				"${TARGET_BUILD_DIR}/${FRAMEWORKS_FOLDER_PATH}/SwiftyJSON.framework",
			);
			runOnlyForDeploymentPostprocessing = 0;
			shellPath = /bin/sh;
			shellScript = "\"${SRCROOT}/Pods/Target Support Files/Pods-SurfAdvisor/Pods-SurfAdvisor-frameworks.sh\"\n";
			showEnvVarsInLog = 0;
		};
/* End PBXShellScriptBuildPhase section */

/* Begin PBXSourcesBuildPhase section */
		CB2D3A902199251100BC71C2 /* Sources */ = {
			isa = PBXSourcesBuildPhase;
			buildActionMask = 2147483647;
			files = (
				CB774FB32199262400EC1357 /* DateVC.swift in Sources */,
				CB6005DC23BA22BE00D59FE6 /* UITableViewCell+Extension.swift in Sources */,
				CB774FCA2199271000EC1357 /* HTTPStatusCode.swift in Sources */,
				CB774FCC2199271000EC1357 /* RequestService.swift in Sources */,
				CB774FB42199262400EC1357 /* LocationVC.swift in Sources */,
				CB774FB52199262400EC1357 /* MainVC.swift in Sources */,
				CB774FB22199262400EC1357 /* SearchResultVC.swift in Sources */,
				CB774FCD2199271000EC1357 /* SearchResultService.swift in Sources */,
				CB774FBD2199270700EC1357 /* SearchResultData.swift in Sources */,
				CB774FC82199271000EC1357 /* AreaDetailService.swift in Sources */,
				CB774FC92199271000EC1357 /* CityListService.swift in Sources */,
				CB774FDE2199C1C100EC1357 /* RestaurantCell.swift in Sources */,
				CB774FCB2199271000EC1357 /* AreaInfoService.swift in Sources */,
				CB774FC62199271000EC1357 /* NetworkResult.swift in Sources */,
				CB774FD92199272500EC1357 /* InfoDetailCell.swift in Sources */,
				CB774FBB2199270700EC1357 /* AreaDetailData.swift in Sources */,
				CB774FC72199271000EC1357 /* APIService.swift in Sources */,
				CB774FB02199262400EC1357 /* InfoDetailVC.swift in Sources */,
				CB774FBC2199270700EC1357 /* AreaInfoData.swift in Sources */,
				CB774FDC219981E800EC1357 /* UIImageView+imageFromUrl.swift in Sources */,
				CB2D3A982199251100BC71C2 /* AppDelegate.swift in Sources */,
				CB774FD52199272500EC1357 /* ForcastCell.swift in Sources */,
				CB774FB12199262400EC1357 /* DetailVC.swift in Sources */,
				CB774FD62199272500EC1357 /* SearchResultCell.swift in Sources */,
				CB774FD72199272500EC1357 /* CityListCell.swift in Sources */,
				CB946ED7219C58F40086D720 /* UIView+Design.swift in Sources */,
				CB774FE02199C1CB00EC1357 /* HotelCell.swift in Sources */,
				CB774FBA2199270700EC1357 /* CityListData.swift in Sources */,
				CB6005DE23BA22F100D59FE6 /* Location.swift in Sources */,
				CB2F0D2621A310F700D36E38 /* UIViewController+extesion.swift in Sources */,
				CB774FD82199272500EC1357 /* SurfShopCell.swift in Sources */,
			);
			runOnlyForDeploymentPostprocessing = 0;
		};
/* End PBXSourcesBuildPhase section */

/* Begin PBXVariantGroup section */
		CB2D3AA02199251200BC71C2 /* LaunchScreen.storyboard */ = {
			isa = PBXVariantGroup;
			children = (
				CB2D3AA12199251200BC71C2 /* Base */,
			);
			name = LaunchScreen.storyboard;
			sourceTree = "<group>";
		};
/* End PBXVariantGroup section */

/* Begin XCBuildConfiguration section */
		CB2D3AA42199251200BC71C2 /* Debug */ = {
			isa = XCBuildConfiguration;
			buildSettings = {
				ALWAYS_SEARCH_USER_PATHS = NO;
				CLANG_ANALYZER_NONNULL = YES;
				CLANG_ANALYZER_NUMBER_OBJECT_CONVERSION = YES_AGGRESSIVE;
				CLANG_CXX_LANGUAGE_STANDARD = "gnu++14";
				CLANG_CXX_LIBRARY = "libc++";
				CLANG_ENABLE_MODULES = YES;
				CLANG_ENABLE_OBJC_ARC = YES;
				CLANG_ENABLE_OBJC_WEAK = YES;
				CLANG_WARN_BLOCK_CAPTURE_AUTORELEASING = YES;
				CLANG_WARN_BOOL_CONVERSION = YES;
				CLANG_WARN_COMMA = YES;
				CLANG_WARN_CONSTANT_CONVERSION = YES;
				CLANG_WARN_DEPRECATED_OBJC_IMPLEMENTATIONS = YES;
				CLANG_WARN_DIRECT_OBJC_ISA_USAGE = YES_ERROR;
				CLANG_WARN_DOCUMENTATION_COMMENTS = YES;
				CLANG_WARN_EMPTY_BODY = YES;
				CLANG_WARN_ENUM_CONVERSION = YES;
				CLANG_WARN_INFINITE_RECURSION = YES;
				CLANG_WARN_INT_CONVERSION = YES;
				CLANG_WARN_NON_LITERAL_NULL_CONVERSION = YES;
				CLANG_WARN_OBJC_IMPLICIT_RETAIN_SELF = YES;
				CLANG_WARN_OBJC_LITERAL_CONVERSION = YES;
				CLANG_WARN_OBJC_ROOT_CLASS = YES_ERROR;
				CLANG_WARN_RANGE_LOOP_ANALYSIS = YES;
				CLANG_WARN_STRICT_PROTOTYPES = YES;
				CLANG_WARN_SUSPICIOUS_MOVE = YES;
				CLANG_WARN_UNGUARDED_AVAILABILITY = YES_AGGRESSIVE;
				CLANG_WARN_UNREACHABLE_CODE = YES;
				CLANG_WARN__DUPLICATE_METHOD_MATCH = YES;
				CODE_SIGN_IDENTITY = "iPhone Developer";
				COPY_PHASE_STRIP = NO;
				DEBUG_INFORMATION_FORMAT = dwarf;
				ENABLE_STRICT_OBJC_MSGSEND = YES;
				ENABLE_TESTABILITY = YES;
				GCC_C_LANGUAGE_STANDARD = gnu11;
				GCC_DYNAMIC_NO_PIC = NO;
				GCC_NO_COMMON_BLOCKS = YES;
				GCC_OPTIMIZATION_LEVEL = 0;
				GCC_PREPROCESSOR_DEFINITIONS = (
					"DEBUG=1",
					"$(inherited)",
				);
				GCC_WARN_64_TO_32_BIT_CONVERSION = YES;
				GCC_WARN_ABOUT_RETURN_TYPE = YES_ERROR;
				GCC_WARN_UNDECLARED_SELECTOR = YES;
				GCC_WARN_UNINITIALIZED_AUTOS = YES_AGGRESSIVE;
				GCC_WARN_UNUSED_FUNCTION = YES;
				GCC_WARN_UNUSED_VARIABLE = YES;
				IPHONEOS_DEPLOYMENT_TARGET = 12.1;
				MTL_ENABLE_DEBUG_INFO = INCLUDE_SOURCE;
				MTL_FAST_MATH = YES;
				ONLY_ACTIVE_ARCH = YES;
				SDKROOT = iphoneos;
				SWIFT_ACTIVE_COMPILATION_CONDITIONS = DEBUG;
				SWIFT_OPTIMIZATION_LEVEL = "-Onone";
			};
			name = Debug;
		};
		CB2D3AA52199251200BC71C2 /* Release */ = {
			isa = XCBuildConfiguration;
			buildSettings = {
				ALWAYS_SEARCH_USER_PATHS = NO;
				CLANG_ANALYZER_NONNULL = YES;
				CLANG_ANALYZER_NUMBER_OBJECT_CONVERSION = YES_AGGRESSIVE;
				CLANG_CXX_LANGUAGE_STANDARD = "gnu++14";
				CLANG_CXX_LIBRARY = "libc++";
				CLANG_ENABLE_MODULES = YES;
				CLANG_ENABLE_OBJC_ARC = YES;
				CLANG_ENABLE_OBJC_WEAK = YES;
				CLANG_WARN_BLOCK_CAPTURE_AUTORELEASING = YES;
				CLANG_WARN_BOOL_CONVERSION = YES;
				CLANG_WARN_COMMA = YES;
				CLANG_WARN_CONSTANT_CONVERSION = YES;
				CLANG_WARN_DEPRECATED_OBJC_IMPLEMENTATIONS = YES;
				CLANG_WARN_DIRECT_OBJC_ISA_USAGE = YES_ERROR;
				CLANG_WARN_DOCUMENTATION_COMMENTS = YES;
				CLANG_WARN_EMPTY_BODY = YES;
				CLANG_WARN_ENUM_CONVERSION = YES;
				CLANG_WARN_INFINITE_RECURSION = YES;
				CLANG_WARN_INT_CONVERSION = YES;
				CLANG_WARN_NON_LITERAL_NULL_CONVERSION = YES;
				CLANG_WARN_OBJC_IMPLICIT_RETAIN_SELF = YES;
				CLANG_WARN_OBJC_LITERAL_CONVERSION = YES;
				CLANG_WARN_OBJC_ROOT_CLASS = YES_ERROR;
				CLANG_WARN_RANGE_LOOP_ANALYSIS = YES;
				CLANG_WARN_STRICT_PROTOTYPES = YES;
				CLANG_WARN_SUSPICIOUS_MOVE = YES;
				CLANG_WARN_UNGUARDED_AVAILABILITY = YES_AGGRESSIVE;
				CLANG_WARN_UNREACHABLE_CODE = YES;
				CLANG_WARN__DUPLICATE_METHOD_MATCH = YES;
				CODE_SIGN_IDENTITY = "iPhone Developer";
				COPY_PHASE_STRIP = NO;
				DEBUG_INFORMATION_FORMAT = "dwarf-with-dsym";
				ENABLE_NS_ASSERTIONS = NO;
				ENABLE_STRICT_OBJC_MSGSEND = YES;
				GCC_C_LANGUAGE_STANDARD = gnu11;
				GCC_NO_COMMON_BLOCKS = YES;
				GCC_WARN_64_TO_32_BIT_CONVERSION = YES;
				GCC_WARN_ABOUT_RETURN_TYPE = YES_ERROR;
				GCC_WARN_UNDECLARED_SELECTOR = YES;
				GCC_WARN_UNINITIALIZED_AUTOS = YES_AGGRESSIVE;
				GCC_WARN_UNUSED_FUNCTION = YES;
				GCC_WARN_UNUSED_VARIABLE = YES;
				IPHONEOS_DEPLOYMENT_TARGET = 12.1;
				MTL_ENABLE_DEBUG_INFO = NO;
				MTL_FAST_MATH = YES;
				SDKROOT = iphoneos;
				SWIFT_COMPILATION_MODE = wholemodule;
				SWIFT_OPTIMIZATION_LEVEL = "-O";
				VALIDATE_PRODUCT = YES;
			};
			name = Release;
		};
		CB2D3AA72199251200BC71C2 /* Debug */ = {
			isa = XCBuildConfiguration;
			baseConfigurationReference = D6F17520BF8062CDE168640B /* Pods-SurfAdvisor.debug.xcconfig */;
			buildSettings = {
				ASSETCATALOG_COMPILER_APPICON_NAME = AppIcon;
				CODE_SIGN_STYLE = Automatic;
				DEVELOPMENT_TEAM = 28WQ57LFRT;
				INFOPLIST_FILE = SurfAdvisor/Info.plist;
				LD_RUNPATH_SEARCH_PATHS = (
					"$(inherited)",
					"@executable_path/Frameworks",
				);
				PRODUCT_BUNDLE_IDENTIFIER = gyungmin12.SurfAdvisor;
				PRODUCT_NAME = "서핑 어드바이저";
				SWIFT_VERSION = 4.2;
				TARGETED_DEVICE_FAMILY = 1;
			};
			name = Debug;
		};
		CB2D3AA82199251200BC71C2 /* Release */ = {
			isa = XCBuildConfiguration;
			baseConfigurationReference = 79C64309418E163E52947B46 /* Pods-SurfAdvisor.release.xcconfig */;
			buildSettings = {
				ASSETCATALOG_COMPILER_APPICON_NAME = AppIcon;
				CODE_SIGN_STYLE = Automatic;
				DEVELOPMENT_TEAM = 28WQ57LFRT;
				INFOPLIST_FILE = SurfAdvisor/Info.plist;
				LD_RUNPATH_SEARCH_PATHS = (
					"$(inherited)",
					"@executable_path/Frameworks",
				);
				PRODUCT_BUNDLE_IDENTIFIER = gyungmin12.SurfAdvisor;
				PRODUCT_NAME = "서핑 어드바이저";
				SWIFT_VERSION = 4.2;
				TARGETED_DEVICE_FAMILY = 1;
			};
			name = Release;
		};
/* End XCBuildConfiguration section */

/* Begin XCConfigurationList section */
		CB2D3A8F2199251100BC71C2 /* Build configuration list for PBXProject "SurfAdvisor" */ = {
			isa = XCConfigurationList;
			buildConfigurations = (
				CB2D3AA42199251200BC71C2 /* Debug */,
				CB2D3AA52199251200BC71C2 /* Release */,
			);
			defaultConfigurationIsVisible = 0;
			defaultConfigurationName = Release;
		};
		CB2D3AA62199251200BC71C2 /* Build configuration list for PBXNativeTarget "SurfAdvisor" */ = {
			isa = XCConfigurationList;
			buildConfigurations = (
				CB2D3AA72199251200BC71C2 /* Debug */,
				CB2D3AA82199251200BC71C2 /* Release */,
			);
			defaultConfigurationIsVisible = 0;
			defaultConfigurationName = Release;
		};
/* End XCConfigurationList section */
	};
	rootObject = CB2D3A8C2199251100BC71C2 /* Project object */;
}
