// !$*UTF8*$!
{
	archiveVersion = 1;
	classes = {
	};
	objectVersion = 48;
	objects = {

/* Begin PBXBuildFile section */
		CB54CA58217B9A6200688F47 /* MainVC.swift in Sources */ = {isa = PBXBuildFile; fileRef = CB54CA57217B9A6200688F47 /* MainVC.swift */; };
		CB54CA5A217BA01D00688F47 /* DateVC.swift in Sources */ = {isa = PBXBuildFile; fileRef = CB54CA59217BA01D00688F47 /* DateVC.swift */; };
		CB54CA5C217BA02800688F47 /* LocationVC.swift in Sources */ = {isa = PBXBuildFile; fileRef = CB54CA5B217BA02800688F47 /* LocationVC.swift */; };
		CB54CA5E217C381C00688F47 /* DetailVC.swift in Sources */ = {isa = PBXBuildFile; fileRef = CB54CA5D217C381B00688F47 /* DetailVC.swift */; };
		CB731B14217E186C0080FA57 /* InfoDetailVC.swift in Sources */ = {isa = PBXBuildFile; fileRef = CB731B13217E186C0080FA57 /* InfoDetailVC.swift */; };
		CB731B16217E1A450080FA57 /* InfoDetailCell.swift in Sources */ = {isa = PBXBuildFile; fileRef = CB731B15217E1A450080FA57 /* InfoDetailCell.swift */; };
		CB731B18217E1A540080FA57 /* SurfShopCell.swift in Sources */ = {isa = PBXBuildFile; fileRef = CB731B17217E1A540080FA57 /* SurfShopCell.swift */; };
		CB731B1A217E292D0080FA57 /* ForcastCell.swift in Sources */ = {isa = PBXBuildFile; fileRef = CB731B19217E292D0080FA57 /* ForcastCell.swift */; };
		CB9637312176602400FE926E /* AppDelegate.swift in Sources */ = {isa = PBXBuildFile; fileRef = CB9637302176602400FE926E /* AppDelegate.swift */; };
		CB9637362176602400FE926E /* Main.storyboard in Resources */ = {isa = PBXBuildFile; fileRef = CB9637342176602400FE926E /* Main.storyboard */; };
		CB9637382176602600FE926E /* Assets.xcassets in Resources */ = {isa = PBXBuildFile; fileRef = CB9637372176602600FE926E /* Assets.xcassets */; };
		CB96373B2176602600FE926E /* LaunchScreen.storyboard in Resources */ = {isa = PBXBuildFile; fileRef = CB9637392176602600FE926E /* LaunchScreen.storyboard */; };
		CBA9367D2178F5F300060C15 /* SearchResultVC.swift in Sources */ = {isa = PBXBuildFile; fileRef = CBA9367C2178F5F300060C15 /* SearchResultVC.swift */; };
		CBA9367F2178F95900060C15 /* SearchResultCell.swift in Sources */ = {isa = PBXBuildFile; fileRef = CBA9367E2178F95900060C15 /* SearchResultCell.swift */; };
		CBB302712190A6F600F68A8A /* CityListService.swift in Sources */ = {isa = PBXBuildFile; fileRef = CBB302702190A6F600F68A8A /* CityListService.swift */; };
		CBB302732190A9E300F68A8A /* CityListCell.swift in Sources */ = {isa = PBXBuildFile; fileRef = CBB302722190A9E300F68A8A /* CityListCell.swift */; };
		CBC533E1217F3AEB0084E145 /* CityListData.swift in Sources */ = {isa = PBXBuildFile; fileRef = CBC533E0217F3AEB0084E145 /* CityListData.swift */; };
		CBC533E4217F3B6C0084E145 /* HTTPStatusCode.swift in Sources */ = {isa = PBXBuildFile; fileRef = CBC533E3217F3B6C0084E145 /* HTTPStatusCode.swift */; };
		CBC533E6217F3B9C0084E145 /* NetworkResult.swift in Sources */ = {isa = PBXBuildFile; fileRef = CBC533E5217F3B9C0084E145 /* NetworkResult.swift */; };
		CBC533E8217F3BA90084E145 /* RequestService.swift in Sources */ = {isa = PBXBuildFile; fileRef = CBC533E7217F3BA90084E145 /* RequestService.swift */; };
		CBC533EA217F3BCA0084E145 /* APIService.swift in Sources */ = {isa = PBXBuildFile; fileRef = CBC533E9217F3BCA0084E145 /* APIService.swift */; };
		CBC533EC217F3E810084E145 /* SearchResultData.swift in Sources */ = {isa = PBXBuildFile; fileRef = CBC533EB217F3E810084E145 /* SearchResultData.swift */; };
		CBC533EE217F40C90084E145 /* AreaDetailData.swift in Sources */ = {isa = PBXBuildFile; fileRef = CBC533ED217F40C90084E145 /* AreaDetailData.swift */; };
		CBC533F0217F431A0084E145 /* AreaInfoData.swift in Sources */ = {isa = PBXBuildFile; fileRef = CBC533EF217F431A0084E145 /* AreaInfoData.swift */; };
		CBC533F6217F468B0084E145 /* SearchResultService.swift in Sources */ = {isa = PBXBuildFile; fileRef = CBC533F5217F468B0084E145 /* SearchResultService.swift */; };
		CBC533F8217F68A10084E145 /* AreaDetailService.swift in Sources */ = {isa = PBXBuildFile; fileRef = CBC533F7217F68A10084E145 /* AreaDetailService.swift */; };
		CBC533FA217F69CB0084E145 /* AreaInfoService.swift in Sources */ = {isa = PBXBuildFile; fileRef = CBC533F9217F69CB0084E145 /* AreaInfoService.swift */; };
		DBD71C45F5545482A5781667 /* Pods_SurfAdvisor.framework in Frameworks */ = {isa = PBXBuildFile; fileRef = 8A6F10B5AC6939DEB2BFDC0C /* Pods_SurfAdvisor.framework */; };
/* End PBXBuildFile section */

/* Begin PBXFileReference section */
		8A6F10B5AC6939DEB2BFDC0C /* Pods_SurfAdvisor.framework */ = {isa = PBXFileReference; explicitFileType = wrapper.framework; includeInIndex = 0; path = Pods_SurfAdvisor.framework; sourceTree = BUILT_PRODUCTS_DIR; };
		B0310893B1EC2EE848020731 /* Pods-SurfAdvisor.release.xcconfig */ = {isa = PBXFileReference; includeInIndex = 1; lastKnownFileType = text.xcconfig; name = "Pods-SurfAdvisor.release.xcconfig"; path = "Target Support Files/Pods-SurfAdvisor/Pods-SurfAdvisor.release.xcconfig"; sourceTree = "<group>"; };
		CB54CA57217B9A6200688F47 /* MainVC.swift */ = {isa = PBXFileReference; lastKnownFileType = sourcecode.swift; path = MainVC.swift; sourceTree = "<group>"; };
		CB54CA59217BA01D00688F47 /* DateVC.swift */ = {isa = PBXFileReference; lastKnownFileType = sourcecode.swift; path = DateVC.swift; sourceTree = "<group>"; };
		CB54CA5B217BA02800688F47 /* LocationVC.swift */ = {isa = PBXFileReference; lastKnownFileType = sourcecode.swift; path = LocationVC.swift; sourceTree = "<group>"; };
		CB54CA5D217C381B00688F47 /* DetailVC.swift */ = {isa = PBXFileReference; lastKnownFileType = sourcecode.swift; path = DetailVC.swift; sourceTree = "<group>"; };
		CB731B13217E186C0080FA57 /* InfoDetailVC.swift */ = {isa = PBXFileReference; lastKnownFileType = sourcecode.swift; path = InfoDetailVC.swift; sourceTree = "<group>"; };
		CB731B15217E1A450080FA57 /* InfoDetailCell.swift */ = {isa = PBXFileReference; lastKnownFileType = sourcecode.swift; path = InfoDetailCell.swift; sourceTree = "<group>"; };
		CB731B17217E1A540080FA57 /* SurfShopCell.swift */ = {isa = PBXFileReference; lastKnownFileType = sourcecode.swift; path = SurfShopCell.swift; sourceTree = "<group>"; };
		CB731B19217E292D0080FA57 /* ForcastCell.swift */ = {isa = PBXFileReference; lastKnownFileType = sourcecode.swift; path = ForcastCell.swift; sourceTree = "<group>"; };
		CB96372D2176602400FE926E /* SurfAdvisor.app */ = {isa = PBXFileReference; explicitFileType = wrapper.application; includeInIndex = 0; path = SurfAdvisor.app; sourceTree = BUILT_PRODUCTS_DIR; };
		CB9637302176602400FE926E /* AppDelegate.swift */ = {isa = PBXFileReference; lastKnownFileType = sourcecode.swift; path = AppDelegate.swift; sourceTree = "<group>"; };
		CB9637352176602400FE926E /* Base */ = {isa = PBXFileReference; lastKnownFileType = file.storyboard; name = Base; path = Base.lproj/Main.storyboard; sourceTree = "<group>"; };
		CB9637372176602600FE926E /* Assets.xcassets */ = {isa = PBXFileReference; lastKnownFileType = folder.assetcatalog; path = Assets.xcassets; sourceTree = "<group>"; };
		CB96373A2176602600FE926E /* Base */ = {isa = PBXFileReference; lastKnownFileType = file.storyboard; name = Base; path = Base.lproj/LaunchScreen.storyboard; sourceTree = "<group>"; };
		CB96373C2176602600FE926E /* Info.plist */ = {isa = PBXFileReference; lastKnownFileType = text.plist.xml; path = Info.plist; sourceTree = "<group>"; };
		CBA9367C2178F5F300060C15 /* SearchResultVC.swift */ = {isa = PBXFileReference; lastKnownFileType = sourcecode.swift; path = SearchResultVC.swift; sourceTree = "<group>"; };
		CBA9367E2178F95900060C15 /* SearchResultCell.swift */ = {isa = PBXFileReference; lastKnownFileType = sourcecode.swift; path = SearchResultCell.swift; sourceTree = "<group>"; };
		CBB302702190A6F600F68A8A /* CityListService.swift */ = {isa = PBXFileReference; lastKnownFileType = sourcecode.swift; path = CityListService.swift; sourceTree = "<group>"; };
		CBB302722190A9E300F68A8A /* CityListCell.swift */ = {isa = PBXFileReference; lastKnownFileType = sourcecode.swift; path = CityListCell.swift; sourceTree = "<group>"; };
		CBC533E0217F3AEB0084E145 /* CityListData.swift */ = {isa = PBXFileReference; lastKnownFileType = sourcecode.swift; path = CityListData.swift; sourceTree = "<group>"; };
		CBC533E3217F3B6C0084E145 /* HTTPStatusCode.swift */ = {isa = PBXFileReference; lastKnownFileType = sourcecode.swift; path = HTTPStatusCode.swift; sourceTree = "<group>"; };
		CBC533E5217F3B9C0084E145 /* NetworkResult.swift */ = {isa = PBXFileReference; lastKnownFileType = sourcecode.swift; path = NetworkResult.swift; sourceTree = "<group>"; };
		CBC533E7217F3BA90084E145 /* RequestService.swift */ = {isa = PBXFileReference; lastKnownFileType = sourcecode.swift; path = RequestService.swift; sourceTree = "<group>"; };
		CBC533E9217F3BCA0084E145 /* APIService.swift */ = {isa = PBXFileReference; lastKnownFileType = sourcecode.swift; path = APIService.swift; sourceTree = "<group>"; };
		CBC533EB217F3E810084E145 /* SearchResultData.swift */ = {isa = PBXFileReference; lastKnownFileType = sourcecode.swift; name = SearchResultData.swift; path = SurfAdvisor/Model/SearchResultData.swift; sourceTree = SOURCE_ROOT; };
		CBC533ED217F40C90084E145 /* AreaDetailData.swift */ = {isa = PBXFileReference; lastKnownFileType = sourcecode.swift; path = AreaDetailData.swift; sourceTree = "<group>"; };
		CBC533EF217F431A0084E145 /* AreaInfoData.swift */ = {isa = PBXFileReference; lastKnownFileType = sourcecode.swift; path = AreaInfoData.swift; sourceTree = "<group>"; };
		CBC533F5217F468B0084E145 /* SearchResultService.swift */ = {isa = PBXFileReference; lastKnownFileType = sourcecode.swift; path = SearchResultService.swift; sourceTree = "<group>"; };
		CBC533F7217F68A10084E145 /* AreaDetailService.swift */ = {isa = PBXFileReference; lastKnownFileType = sourcecode.swift; path = AreaDetailService.swift; sourceTree = "<group>"; };
		CBC533F9217F69CB0084E145 /* AreaInfoService.swift */ = {isa = PBXFileReference; lastKnownFileType = sourcecode.swift; path = AreaInfoService.swift; sourceTree = "<group>"; };
		F50EF38E59A3639351F0E370 /* Pods-SurfAdvisor.debug.xcconfig */ = {isa = PBXFileReference; includeInIndex = 1; lastKnownFileType = text.xcconfig; name = "Pods-SurfAdvisor.debug.xcconfig"; path = "Target Support Files/Pods-SurfAdvisor/Pods-SurfAdvisor.debug.xcconfig"; sourceTree = "<group>"; };
/* End PBXFileReference section */

/* Begin PBXFrameworksBuildPhase section */
		CB96372A2176602400FE926E /* Frameworks */ = {
			isa = PBXFrameworksBuildPhase;
			buildActionMask = 2147483647;
			files = (
				DBD71C45F5545482A5781667 /* Pods_SurfAdvisor.framework in Frameworks */,
			);
			runOnlyForDeploymentPostprocessing = 0;
		};
/* End PBXFrameworksBuildPhase section */

/* Begin PBXGroup section */
		16CCB967455F35C97B8669F1 /* Frameworks */ = {
			isa = PBXGroup;
			children = (
				8A6F10B5AC6939DEB2BFDC0C /* Pods_SurfAdvisor.framework */,
			);
			name = Frameworks;
			sourceTree = "<group>";
		};
		B57AB035A154B16C0738628F /* Pods */ = {
			isa = PBXGroup;
			children = (
				F50EF38E59A3639351F0E370 /* Pods-SurfAdvisor.debug.xcconfig */,
				B0310893B1EC2EE848020731 /* Pods-SurfAdvisor.release.xcconfig */,
			);
			path = Pods;
			sourceTree = "<group>";
		};
		CB9637242176602400FE926E = {
			isa = PBXGroup;
			children = (
				CB96372F2176602400FE926E /* SurfAdvisor */,
				CB96372E2176602400FE926E /* Products */,
				B57AB035A154B16C0738628F /* Pods */,
				16CCB967455F35C97B8669F1 /* Frameworks */,
			);
			sourceTree = "<group>";
		};
		CB96372E2176602400FE926E /* Products */ = {
			isa = PBXGroup;
			children = (
				CB96372D2176602400FE926E /* SurfAdvisor.app */,
			);
			name = Products;
			sourceTree = "<group>";
		};
		CB96372F2176602400FE926E /* SurfAdvisor */ = {
			isa = PBXGroup;
			children = (
				CBC533DF217F3AD50084E145 /* Model */,
				CBC533E2217F3B350084E145 /* Services */,
				CBA9367B2178F5AB00060C15 /* Views */,
				CBA9367A2178F5A800060C15 /* ViewControllers */,
				CBA936792178F5A600060C15 /* Storyboard */,
				CB9637302176602400FE926E /* AppDelegate.swift */,
				CB9637372176602600FE926E /* Assets.xcassets */,
				CB9637392176602600FE926E /* LaunchScreen.storyboard */,
				CB96373C2176602600FE926E /* Info.plist */,
			);
			path = SurfAdvisor;
			sourceTree = "<group>";
		};
		CBA936792178F5A600060C15 /* Storyboard */ = {
			isa = PBXGroup;
			children = (
				CB9637342176602400FE926E /* Main.storyboard */,
			);
			path = Storyboard;
			sourceTree = "<group>";
		};
		CBA9367A2178F5A800060C15 /* ViewControllers */ = {
			isa = PBXGroup;
			children = (
				CBA9367C2178F5F300060C15 /* SearchResultVC.swift */,
				CB54CA57217B9A6200688F47 /* MainVC.swift */,
				CB54CA59217BA01D00688F47 /* DateVC.swift */,
				CB54CA5B217BA02800688F47 /* LocationVC.swift */,
				CB54CA5D217C381B00688F47 /* DetailVC.swift */,
				CB731B13217E186C0080FA57 /* InfoDetailVC.swift */,
			);
			path = ViewControllers;
			sourceTree = "<group>";
		};
		CBA9367B2178F5AB00060C15 /* Views */ = {
			isa = PBXGroup;
			children = (
				CBA9367E2178F95900060C15 /* SearchResultCell.swift */,
				CBB302722190A9E300F68A8A /* CityListCell.swift */,
				CB731B15217E1A450080FA57 /* InfoDetailCell.swift */,
				CB731B17217E1A540080FA57 /* SurfShopCell.swift */,
				CB731B19217E292D0080FA57 /* ForcastCell.swift */,
			);
			path = Views;
			sourceTree = "<group>";
		};
		CBC533DF217F3AD50084E145 /* Model */ = {
			isa = PBXGroup;
			children = (
				CBC533EB217F3E810084E145 /* SearchResultData.swift */,
				CBC533E0217F3AEB0084E145 /* CityListData.swift */,
				CBC533ED217F40C90084E145 /* AreaDetailData.swift */,
				CBC533EF217F431A0084E145 /* AreaInfoData.swift */,
			);
			path = Model;
			sourceTree = "<group>";
		};
		CBC533E2217F3B350084E145 /* Services */ = {
			isa = PBXGroup;
			children = (
				CBC533E3217F3B6C0084E145 /* HTTPStatusCode.swift */,
				CBC533E5217F3B9C0084E145 /* NetworkResult.swift */,
				CBC533E7217F3BA90084E145 /* RequestService.swift */,
				CBC533E9217F3BCA0084E145 /* APIService.swift */,
				CBB302702190A6F600F68A8A /* CityListService.swift */,
				CBC533F5217F468B0084E145 /* SearchResultService.swift */,
				CBC533F7217F68A10084E145 /* AreaDetailService.swift */,
				CBC533F9217F69CB0084E145 /* AreaInfoService.swift */,
			);
			path = Services;
			sourceTree = "<group>";
		};
/* End PBXGroup section */

/* Begin PBXNativeTarget section */
		CB96372C2176602400FE926E /* SurfAdvisor */ = {
			isa = PBXNativeTarget;
			buildConfigurationList = CB96373F2176602600FE926E /* Build configuration list for PBXNativeTarget "SurfAdvisor" */;
			buildPhases = (
				05B27CD13E0364250E441993 /* [CP] Check Pods Manifest.lock */,
				CB9637292176602400FE926E /* Sources */,
				CB96372A2176602400FE926E /* Frameworks */,
				CB96372B2176602400FE926E /* Resources */,
				C94E882D76DA981335400FA7 /* [CP] Embed Pods Frameworks */,
			);
			buildRules = (
			);
			dependencies = (
			);
			name = SurfAdvisor;
			productName = SurfAdvisor;
			productReference = CB96372D2176602400FE926E /* SurfAdvisor.app */;
			productType = "com.apple.product-type.application";
		};
/* End PBXNativeTarget section */

/* Begin PBXProject section */
		CB9637252176602400FE926E /* Project object */ = {
			isa = PBXProject;
			attributes = {
				LastSwiftUpdateCheck = 0940;
				LastUpgradeCheck = 0940;
				ORGANIZATIONNAME = "박세은";
				TargetAttributes = {
					CB96372C2176602400FE926E = {
						CreatedOnToolsVersion = 9.4.1;
						ProvisioningStyle = Automatic;
					};
				};
			};
			buildConfigurationList = CB9637282176602400FE926E /* Build configuration list for PBXProject "SurfAdvisor" */;
			compatibilityVersion = "Xcode 8.0";
			developmentRegion = en;
			hasScannedForEncodings = 0;
			knownRegions = (
				en,
				Base,
			);
			mainGroup = CB9637242176602400FE926E;
			productRefGroup = CB96372E2176602400FE926E /* Products */;
			projectDirPath = "";
			projectRoot = "";
			targets = (
				CB96372C2176602400FE926E /* SurfAdvisor */,
			);
		};
/* End PBXProject section */

/* Begin PBXResourcesBuildPhase section */
		CB96372B2176602400FE926E /* Resources */ = {
			isa = PBXResourcesBuildPhase;
			buildActionMask = 2147483647;
			files = (
				CB96373B2176602600FE926E /* LaunchScreen.storyboard in Resources */,
				CB9637382176602600FE926E /* Assets.xcassets in Resources */,
				CB9637362176602400FE926E /* Main.storyboard in Resources */,
			);
			runOnlyForDeploymentPostprocessing = 0;
		};
/* End PBXResourcesBuildPhase section */

/* Begin PBXShellScriptBuildPhase section */
		05B27CD13E0364250E441993 /* [CP] Check Pods Manifest.lock */ = {
			isa = PBXShellScriptBuildPhase;
			buildActionMask = 2147483647;
			files = (
			);
			inputPaths = (
				"${PODS_PODFILE_DIR_PATH}/Podfile.lock",
				"${PODS_ROOT}/Manifest.lock",
			);
			name = "[CP] Check Pods Manifest.lock";
			outputPaths = (
				"$(DERIVED_FILE_DIR)/Pods-SurfAdvisor-checkManifestLockResult.txt",
			);
			runOnlyForDeploymentPostprocessing = 0;
			shellPath = /bin/sh;
			shellScript = "diff \"${PODS_PODFILE_DIR_PATH}/Podfile.lock\" \"${PODS_ROOT}/Manifest.lock\" > /dev/null\nif [ $? != 0 ] ; then\n    # print error to STDERR\n    echo \"error: The sandbox is not in sync with the Podfile.lock. Run 'pod install' or update your CocoaPods installation.\" >&2\n    exit 1\nfi\n# This output is used by Xcode 'outputs' to avoid re-running this script phase.\necho \"SUCCESS\" > \"${SCRIPT_OUTPUT_FILE_0}\"\n";
			showEnvVarsInLog = 0;
		};
		C94E882D76DA981335400FA7 /* [CP] Embed Pods Frameworks */ = {
			isa = PBXShellScriptBuildPhase;
			buildActionMask = 2147483647;
			files = (
			);
			inputPaths = (
				"${PODS_ROOT}/Target Support Files/Pods-SurfAdvisor/Pods-SurfAdvisor-frameworks.sh",
				"${BUILT_PRODUCTS_DIR}/Alamofire/Alamofire.framework",
				"${BUILT_PRODUCTS_DIR}/Kingfisher/Kingfisher.framework",
				"${BUILT_PRODUCTS_DIR}/SwiftGifOrigin/SwiftGifOrigin.framework",
				"${BUILT_PRODUCTS_DIR}/SwiftyJSON/SwiftyJSON.framework",
			);
			name = "[CP] Embed Pods Frameworks";
			outputPaths = (
				"${TARGET_BUILD_DIR}/${FRAMEWORKS_FOLDER_PATH}/Alamofire.framework",
				"${TARGET_BUILD_DIR}/${FRAMEWORKS_FOLDER_PATH}/Kingfisher.framework",
				"${TARGET_BUILD_DIR}/${FRAMEWORKS_FOLDER_PATH}/SwiftGifOrigin.framework",
				"${TARGET_BUILD_DIR}/${FRAMEWORKS_FOLDER_PATH}/SwiftyJSON.framework",
			);
			runOnlyForDeploymentPostprocessing = 0;
			shellPath = /bin/sh;
			shellScript = "\"${PODS_ROOT}/Target Support Files/Pods-SurfAdvisor/Pods-SurfAdvisor-frameworks.sh\"\n";
			showEnvVarsInLog = 0;
		};
/* End PBXShellScriptBuildPhase section */

/* Begin PBXSourcesBuildPhase section */
		CB9637292176602400FE926E /* Sources */ = {
			isa = PBXSourcesBuildPhase;
			buildActionMask = 2147483647;
			files = (
				CB54CA58217B9A6200688F47 /* MainVC.swift in Sources */,
				CBA9367D2178F5F300060C15 /* SearchResultVC.swift in Sources */,
				CBB302732190A9E300F68A8A /* CityListCell.swift in Sources */,
				CB54CA5A217BA01D00688F47 /* DateVC.swift in Sources */,
				CBA9367F2178F95900060C15 /* SearchResultCell.swift in Sources */,
				CBC533EC217F3E810084E145 /* SearchResultData.swift in Sources */,
				CB731B1A217E292D0080FA57 /* ForcastCell.swift in Sources */,
				CBC533FA217F69CB0084E145 /* AreaInfoService.swift in Sources */,
				CBC533F6217F468B0084E145 /* SearchResultService.swift in Sources */,
				CBC533F0217F431A0084E145 /* AreaInfoData.swift in Sources */,
				CB54CA5E217C381C00688F47 /* DetailVC.swift in Sources */,
				CBB302712190A6F600F68A8A /* CityListService.swift in Sources */,
				CBC533EA217F3BCA0084E145 /* APIService.swift in Sources */,
				CBC533E4217F3B6C0084E145 /* HTTPStatusCode.swift in Sources */,
				CBC533EE217F40C90084E145 /* AreaDetailData.swift in Sources */,
				CB731B14217E186C0080FA57 /* InfoDetailVC.swift in Sources */,
				CB9637312176602400FE926E /* AppDelegate.swift in Sources */,
				CBC533F8217F68A10084E145 /* AreaDetailService.swift in Sources */,
				CBC533E1217F3AEB0084E145 /* CityListData.swift in Sources */,
				CB54CA5C217BA02800688F47 /* LocationVC.swift in Sources */,
				CB731B16217E1A450080FA57 /* InfoDetailCell.swift in Sources */,
				CB731B18217E1A540080FA57 /* SurfShopCell.swift in Sources */,
				CBC533E8217F3BA90084E145 /* RequestService.swift in Sources */,
				CBC533E6217F3B9C0084E145 /* NetworkResult.swift in Sources */,
			);
			runOnlyForDeploymentPostprocessing = 0;
		};
/* End PBXSourcesBuildPhase section */

/* Begin PBXVariantGroup section */
		CB9637342176602400FE926E /* Main.storyboard */ = {
			isa = PBXVariantGroup;
			children = (
				CB9637352176602400FE926E /* Base */,
			);
			name = Main.storyboard;
			sourceTree = "<group>";
		};
		CB9637392176602600FE926E /* LaunchScreen.storyboard */ = {
			isa = PBXVariantGroup;
			children = (
				CB96373A2176602600FE926E /* Base */,
			);
			name = LaunchScreen.storyboard;
			sourceTree = "<group>";
		};
/* End PBXVariantGroup section */

/* Begin XCBuildConfiguration section */
		CB96373D2176602600FE926E /* Debug */ = {
			isa = XCBuildConfiguration;
			buildSettings = {
				ALWAYS_SEARCH_USER_PATHS = NO;
				CLANG_ANALYZER_NONNULL = YES;
				CLANG_ANALYZER_NUMBER_OBJECT_CONVERSION = YES_AGGRESSIVE;
				CLANG_CXX_LANGUAGE_STANDARD = "gnu++14";
				CLANG_CXX_LIBRARY = "libc++";
				CLANG_ENABLE_MODULES = YES;
				CLANG_ENABLE_OBJC_ARC = YES;
				CLANG_ENABLE_OBJC_WEAK = YES;
				CLANG_WARN_BLOCK_CAPTURE_AUTORELEASING = YES;
				CLANG_WARN_BOOL_CONVERSION = YES;
				CLANG_WARN_COMMA = YES;
				CLANG_WARN_CONSTANT_CONVERSION = YES;
				CLANG_WARN_DEPRECATED_OBJC_IMPLEMENTATIONS = YES;
				CLANG_WARN_DIRECT_OBJC_ISA_USAGE = YES_ERROR;
				CLANG_WARN_DOCUMENTATION_COMMENTS = YES;
				CLANG_WARN_EMPTY_BODY = YES;
				CLANG_WARN_ENUM_CONVERSION = YES;
				CLANG_WARN_INFINITE_RECURSION = YES;
				CLANG_WARN_INT_CONVERSION = YES;
				CLANG_WARN_NON_LITERAL_NULL_CONVERSION = YES;
				CLANG_WARN_OBJC_IMPLICIT_RETAIN_SELF = YES;
				CLANG_WARN_OBJC_LITERAL_CONVERSION = YES;
				CLANG_WARN_OBJC_ROOT_CLASS = YES_ERROR;
				CLANG_WARN_RANGE_LOOP_ANALYSIS = YES;
				CLANG_WARN_STRICT_PROTOTYPES = YES;
				CLANG_WARN_SUSPICIOUS_MOVE = YES;
				CLANG_WARN_UNGUARDED_AVAILABILITY = YES_AGGRESSIVE;
				CLANG_WARN_UNREACHABLE_CODE = YES;
				CLANG_WARN__DUPLICATE_METHOD_MATCH = YES;
				CODE_SIGN_IDENTITY = "iPhone Developer";
				COPY_PHASE_STRIP = NO;
				DEBUG_INFORMATION_FORMAT = dwarf;
				ENABLE_STRICT_OBJC_MSGSEND = YES;
				ENABLE_TESTABILITY = YES;
				GCC_C_LANGUAGE_STANDARD = gnu11;
				GCC_DYNAMIC_NO_PIC = NO;
				GCC_NO_COMMON_BLOCKS = YES;
				GCC_OPTIMIZATION_LEVEL = 0;
				GCC_PREPROCESSOR_DEFINITIONS = (
					"DEBUG=1",
					"$(inherited)",
				);
				GCC_WARN_64_TO_32_BIT_CONVERSION = YES;
				GCC_WARN_ABOUT_RETURN_TYPE = YES_ERROR;
				GCC_WARN_UNDECLARED_SELECTOR = YES;
				GCC_WARN_UNINITIALIZED_AUTOS = YES_AGGRESSIVE;
				GCC_WARN_UNUSED_FUNCTION = YES;
				GCC_WARN_UNUSED_VARIABLE = YES;
				IPHONEOS_DEPLOYMENT_TARGET = 11.4;
				MTL_ENABLE_DEBUG_INFO = YES;
				ONLY_ACTIVE_ARCH = YES;
				SDKROOT = iphoneos;
				SWIFT_ACTIVE_COMPILATION_CONDITIONS = DEBUG;
				SWIFT_OPTIMIZATION_LEVEL = "-Onone";
			};
			name = Debug;
		};
		CB96373E2176602600FE926E /* Release */ = {
			isa = XCBuildConfiguration;
			buildSettings = {
				ALWAYS_SEARCH_USER_PATHS = NO;
				CLANG_ANALYZER_NONNULL = YES;
				CLANG_ANALYZER_NUMBER_OBJECT_CONVERSION = YES_AGGRESSIVE;
				CLANG_CXX_LANGUAGE_STANDARD = "gnu++14";
				CLANG_CXX_LIBRARY = "libc++";
				CLANG_ENABLE_MODULES = YES;
				CLANG_ENABLE_OBJC_ARC = YES;
				CLANG_ENABLE_OBJC_WEAK = YES;
				CLANG_WARN_BLOCK_CAPTURE_AUTORELEASING = YES;
				CLANG_WARN_BOOL_CONVERSION = YES;
				CLANG_WARN_COMMA = YES;
				CLANG_WARN_CONSTANT_CONVERSION = YES;
				CLANG_WARN_DEPRECATED_OBJC_IMPLEMENTATIONS = YES;
				CLANG_WARN_DIRECT_OBJC_ISA_USAGE = YES_ERROR;
				CLANG_WARN_DOCUMENTATION_COMMENTS = YES;
				CLANG_WARN_EMPTY_BODY = YES;
				CLANG_WARN_ENUM_CONVERSION = YES;
				CLANG_WARN_INFINITE_RECURSION = YES;
				CLANG_WARN_INT_CONVERSION = YES;
				CLANG_WARN_NON_LITERAL_NULL_CONVERSION = YES;
				CLANG_WARN_OBJC_IMPLICIT_RETAIN_SELF = YES;
				CLANG_WARN_OBJC_LITERAL_CONVERSION = YES;
				CLANG_WARN_OBJC_ROOT_CLASS = YES_ERROR;
				CLANG_WARN_RANGE_LOOP_ANALYSIS = YES;
				CLANG_WARN_STRICT_PROTOTYPES = YES;
				CLANG_WARN_SUSPICIOUS_MOVE = YES;
				CLANG_WARN_UNGUARDED_AVAILABILITY = YES_AGGRESSIVE;
				CLANG_WARN_UNREACHABLE_CODE = YES;
				CLANG_WARN__DUPLICATE_METHOD_MATCH = YES;
				CODE_SIGN_IDENTITY = "iPhone Developer";
				COPY_PHASE_STRIP = NO;
				DEBUG_INFORMATION_FORMAT = "dwarf-with-dsym";
				ENABLE_NS_ASSERTIONS = NO;
				ENABLE_STRICT_OBJC_MSGSEND = YES;
				GCC_C_LANGUAGE_STANDARD = gnu11;
				GCC_NO_COMMON_BLOCKS = YES;
				GCC_WARN_64_TO_32_BIT_CONVERSION = YES;
				GCC_WARN_ABOUT_RETURN_TYPE = YES_ERROR;
				GCC_WARN_UNDECLARED_SELECTOR = YES;
				GCC_WARN_UNINITIALIZED_AUTOS = YES_AGGRESSIVE;
				GCC_WARN_UNUSED_FUNCTION = YES;
				GCC_WARN_UNUSED_VARIABLE = YES;
				IPHONEOS_DEPLOYMENT_TARGET = 11.4;
				MTL_ENABLE_DEBUG_INFO = NO;
				SDKROOT = iphoneos;
				SWIFT_OPTIMIZATION_LEVEL = "-Owholemodule";
				VALIDATE_PRODUCT = YES;
			};
			name = Release;
		};
		CB9637402176602600FE926E /* Debug */ = {
			isa = XCBuildConfiguration;
			baseConfigurationReference = F50EF38E59A3639351F0E370 /* Pods-SurfAdvisor.debug.xcconfig */;
			buildSettings = {
				ASSETCATALOG_COMPILER_APPICON_NAME = AppIcon;
				CODE_SIGN_STYLE = Automatic;
				DEVELOPMENT_TEAM = N6JH7RBUA4;
				INFOPLIST_FILE = SurfAdvisor/Info.plist;
				LD_RUNPATH_SEARCH_PATHS = "$(inherited) @executable_path/Frameworks";
				PRODUCT_BUNDLE_IDENTIFIER = pkse1213.SurfAdvisor;
				PRODUCT_NAME = "$(TARGET_NAME)";
				SWIFT_VERSION = 4.0;
				TARGETED_DEVICE_FAMILY = "1,2";
			};
			name = Debug;
		};
		CB9637412176602600FE926E /* Release */ = {
			isa = XCBuildConfiguration;
			baseConfigurationReference = B0310893B1EC2EE848020731 /* Pods-SurfAdvisor.release.xcconfig */;
			buildSettings = {
				ASSETCATALOG_COMPILER_APPICON_NAME = AppIcon;
				CODE_SIGN_STYLE = Automatic;
				DEVELOPMENT_TEAM = N6JH7RBUA4;
				INFOPLIST_FILE = SurfAdvisor/Info.plist;
				LD_RUNPATH_SEARCH_PATHS = "$(inherited) @executable_path/Frameworks";
				PRODUCT_BUNDLE_IDENTIFIER = pkse1213.SurfAdvisor;
				PRODUCT_NAME = "$(TARGET_NAME)";
				SWIFT_VERSION = 4.0;
				TARGETED_DEVICE_FAMILY = "1,2";
			};
			name = Release;
		};
/* End XCBuildConfiguration section */

/* Begin XCConfigurationList section */
		CB9637282176602400FE926E /* Build configuration list for PBXProject "SurfAdvisor" */ = {
			isa = XCConfigurationList;
			buildConfigurations = (
				CB96373D2176602600FE926E /* Debug */,
				CB96373E2176602600FE926E /* Release */,
			);
			defaultConfigurationIsVisible = 0;
			defaultConfigurationName = Release;
		};
		CB96373F2176602600FE926E /* Build configuration list for PBXNativeTarget "SurfAdvisor" */ = {
			isa = XCConfigurationList;
			buildConfigurations = (
				CB9637402176602600FE926E /* Debug */,
				CB9637412176602600FE926E /* Release */,
			);
			defaultConfigurationIsVisible = 0;
			defaultConfigurationName = Release;
		};
/* End XCConfigurationList section */
	};
	rootObject = CB9637252176602400FE926E /* Project object */;
}
